{
  "name": "sparklines-docs",
  "version": "1.0.0",
  "lockfileVersion": 3,
  "requires": true,
  "packages": {
    "": {
      "name": "sparklines-docs",
      "version": "1.0.0",
      "license": "ISC",
      "dependencies": {
        "retypeapp": "^3.10.1"
      }
    },
    "node_modules/retypeapp": {
      "version": "3.10.1",
      "resolved": "https://registry.npmjs.org/retypeapp/-/retypeapp-3.10.1.tgz",
      "integrity": "sha512-IGIoiA/I9Qlk92huWgjIpbGh+OAUcLm5UNmH6yDDuves1q8s/cLp2ViymPX1BGQVF2Ls8hJn1EqMcGgdgQShPQ==",
      "license": "See LICENSE IN LICENSE",
      "bin": {
        "retype": "retype.js"
      }
    }
  }
}
